// !$*UTF8*$!
{
	archiveVersion = 1;
	classes = {
	};
	objectVersion = 50;
	objects = {

/* Begin PBXBuildFile section */
		8846A86C21F34A3B00BFA535 /* rules.swift in Sources */ = {isa = PBXBuildFile; fileRef = 8846A86B21F34A3B00BFA535 /* rules.swift */; };
		8846A86E21F34B0900BFA535 /* alert.swift in Sources */ = {isa = PBXBuildFile; fileRef = 8846A86D21F34B0900BFA535 /* alert.swift */; };
		8853918221C3B1D80010BD24 /* AppDelegate.swift in Sources */ = {isa = PBXBuildFile; fileRef = 8853918121C3B1D80010BD24 /* AppDelegate.swift */; };
		8853918C21C3B1EB0010BD24 /* Assets.xcassets in Resources */ = {isa = PBXBuildFile; fileRef = 8853918B21C3B1EB0010BD24 /* Assets.xcassets */; };
		8853918F21C3B1EB0010BD24 /* LaunchScreen.storyboard in Resources */ = {isa = PBXBuildFile; fileRef = 8853918D21C3B1EB0010BD24 /* LaunchScreen.storyboard */; };
		8857422721D10B530065792D /* MainPageViewController.swift in Sources */ = {isa = PBXBuildFile; fileRef = 8857422621D10B530065792D /* MainPageViewController.swift */; };
		8857642D21F5D446005F4C89 /* Main.storyboard in Resources */ = {isa = PBXBuildFile; fileRef = 8857642B21F5D445005F4C89 /* Main.storyboard */; };
		885997A921EBA9DB000B6A19 /* ShowWishVC.swift in Sources */ = {isa = PBXBuildFile; fileRef = 885997A821EBA9DB000B6A19 /* ShowWishVC.swift */; };
		885997AB21EBB544000B6A19 /* AddWishVC.swift in Sources */ = {isa = PBXBuildFile; fileRef = 885997AA21EBB544000B6A19 /* AddWishVC.swift */; };
		885997AD21ED0016000B6A19 /* ShowCurrentTargetsVC.swift in Sources */ = {isa = PBXBuildFile; fileRef = 885997AC21ED0016000B6A19 /* ShowCurrentTargetsVC.swift */; };
		885997AF21ED02AE000B6A19 /* ShowCompletedTargetVC.swift in Sources */ = {isa = PBXBuildFile; fileRef = 885997AE21ED02AE000B6A19 /* ShowCompletedTargetVC.swift */; };
		885997B121ED0730000B6A19 /* TargetsViewController.swift in Sources */ = {isa = PBXBuildFile; fileRef = 885997B021ED0730000B6A19 /* TargetsViewController.swift */; };
		88614C6221D5715F00794276 /* AddTargetVC.swift in Sources */ = {isa = PBXBuildFile; fileRef = 88614C6121D5715F00794276 /* AddTargetVC.swift */; };
		88614C6421D6483500794276 /* ShowTargetVC.swift in Sources */ = {isa = PBXBuildFile; fileRef = 88614C6321D6483500794276 /* ShowTargetVC.swift */; };
		88614C6621D6483500794276 /* Transaction.swift in Sources */ = {isa = PBXBuildFile; fileRef = 88614C6521D6483500794276 /* Transaction.swift */; };
		88653BE922C527EE003E3AEE /* notifications.swift in Sources */ = {isa = PBXBuildFile; fileRef = 88653BE822C527EE003E3AEE /* notifications.swift */; };
		886D5BEA21F07F630033CBAB /* MoneyPlan.xcdatamodeld in Sources */ = {isa = PBXBuildFile; fileRef = 886D5BE821F07F630033CBAB /* MoneyPlan.xcdatamodeld */; };
		8882FD2021CCF03A009B132E /* RegisterViewController.swift in Sources */ = {isa = PBXBuildFile; fileRef = 8882FD1F21CCF03A009B132E /* RegisterViewController.swift */; };
		8882FD2321CCF61B009B132E /* API.swift in Sources */ = {isa = PBXBuildFile; fileRef = 8882FD2221CCF61B009B132E /* API.swift */; };
		8891819921EDDEC900594706 /* ShowCurrentWishlistVC.swift in Sources */ = {isa = PBXBuildFile; fileRef = 8891819821EDDEC900594706 /* ShowCurrentWishlistVC.swift */; };
		8891819B21EDDEE900594706 /* ShowWhatWishVC.swift in Sources */ = {isa = PBXBuildFile; fileRef = 8891819A21EDDEE900594706 /* ShowWhatWishVC.swift */; };
		8891819D21EDDF0400594706 /* WhishListViC.swift in Sources */ = {isa = PBXBuildFile; fileRef = 8891819C21EDDF0400594706 /* WhishListViC.swift */; };
		88DB09AE21D400F7001471C2 /* User.swift in Sources */ = {isa = PBXBuildFile; fileRef = 88DB09AD21D400F7001471C2 /* User.swift */; };
		88E5E9A721EE32E500BD6A24 /* Controller.swift in Sources */ = {isa = PBXBuildFile; fileRef = 88E5E9A621EE32E500BD6A24 /* Controller.swift */; };
		88E5E9A921EE35D900BD6A24 /* TodayViewController.swift in Sources */ = {isa = PBXBuildFile; fileRef = 88E5E9A821EE35D900BD6A24 /* TodayViewController.swift */; };
		88E5E9AB21EE372E00BD6A24 /* WeekViewController.swift in Sources */ = {isa = PBXBuildFile; fileRef = 88E5E9AA21EE372E00BD6A24 /* WeekViewController.swift */; };
		88E5E9AD21EE37CB00BD6A24 /* MonthViewController.swift in Sources */ = {isa = PBXBuildFile; fileRef = 88E5E9AC21EE37CB00BD6A24 /* MonthViewController.swift */; };
		88EAD8C721CF99760086FF19 /* LoginViewController.swift in Sources */ = {isa = PBXBuildFile; fileRef = 88EAD8C621CF99760086FF19 /* LoginViewController.swift */; };
		AB1C6B5AE6A337B4DF74318D /* Pods_MoneyPlan.framework in Frameworks */ = {isa = PBXBuildFile; fileRef = 2F0495BE7A605F9002C525A7 /* Pods_MoneyPlan.framework */; };
/* End PBXBuildFile section */

/* Begin PBXFileReference section */
		2F0495BE7A605F9002C525A7 /* Pods_MoneyPlan.framework */ = {isa = PBXFileReference; explicitFileType = wrapper.framework; includeInIndex = 0; path = Pods_MoneyPlan.framework; sourceTree = BUILT_PRODUCTS_DIR; };
		68D904AF87982C273F3143C4 /* Pods-MoneyPlan.debug.xcconfig */ = {isa = PBXFileReference; includeInIndex = 1; lastKnownFileType = text.xcconfig; name = "Pods-MoneyPlan.debug.xcconfig"; path = "Pods/Target Support Files/Pods-MoneyPlan/Pods-MoneyPlan.debug.xcconfig"; sourceTree = "<group>"; };
		8846A86B21F34A3B00BFA535 /* rules.swift */ = {isa = PBXFileReference; lastKnownFileType = sourcecode.swift; path = rules.swift; sourceTree = "<group>"; };
		8846A86D21F34B0900BFA535 /* alert.swift */ = {isa = PBXFileReference; lastKnownFileType = sourcecode.swift; path = alert.swift; sourceTree = "<group>"; };
		8853917E21C3B1D70010BD24 /* MoneyPlan.app */ = {isa = PBXFileReference; explicitFileType = wrapper.application; includeInIndex = 0; path = MoneyPlan.app; sourceTree = BUILT_PRODUCTS_DIR; };
		8853918121C3B1D80010BD24 /* AppDelegate.swift */ = {isa = PBXFileReference; lastKnownFileType = sourcecode.swift; path = AppDelegate.swift; sourceTree = "<group>"; };
		8853918B21C3B1EB0010BD24 /* Assets.xcassets */ = {isa = PBXFileReference; lastKnownFileType = folder.assetcatalog; path = Assets.xcassets; sourceTree = "<group>"; };
		8853918E21C3B1EB0010BD24 /* Base */ = {isa = PBXFileReference; lastKnownFileType = file.storyboard; name = Base; path = Base.lproj/LaunchScreen.storyboard; sourceTree = "<group>"; };
		8853919021C3B1EB0010BD24 /* Info.plist */ = {isa = PBXFileReference; lastKnownFileType = text.plist.xml; path = Info.plist; sourceTree = "<group>"; };
		8857422621D10B530065792D /* MainPageViewController.swift */ = {isa = PBXFileReference; lastKnownFileType = sourcecode.swift; path = MainPageViewController.swift; sourceTree = "<group>"; };
		8857642C21F5D445005F4C89 /* Base */ = {isa = PBXFileReference; lastKnownFileType = file.storyboard; name = Base; path = Base.lproj/Main.storyboard; sourceTree = "<group>"; };
		885997A821EBA9DB000B6A19 /* ShowWishVC.swift */ = {isa = PBXFileReference; lastKnownFileType = sourcecode.swift; path = ShowWishVC.swift; sourceTree = "<group>"; };
		885997AA21EBB544000B6A19 /* AddWishVC.swift */ = {isa = PBXFileReference; lastKnownFileType = sourcecode.swift; path = AddWishVC.swift; sourceTree = "<group>"; };
		885997AC21ED0016000B6A19 /* ShowCurrentTargetsVC.swift */ = {isa = PBXFileReference; lastKnownFileType = sourcecode.swift; path = ShowCurrentTargetsVC.swift; sourceTree = "<group>"; };
		885997AE21ED02AE000B6A19 /* ShowCompletedTargetVC.swift */ = {isa = PBXFileReference; lastKnownFileType = sourcecode.swift; path = ShowCompletedTargetVC.swift; sourceTree = "<group>"; };
		885997B021ED0730000B6A19 /* TargetsViewController.swift */ = {isa = PBXFileReference; lastKnownFileType = sourcecode.swift; path = TargetsViewController.swift; sourceTree = "<group>"; };
		88614C6121D5715F00794276 /* AddTargetVC.swift */ = {isa = PBXFileReference; lastKnownFileType = sourcecode.swift; path = AddTargetVC.swift; sourceTree = "<group>"; };
		88614C6321D6483500794276 /* ShowTargetVC.swift */ = {isa = PBXFileReference; lastKnownFileType = sourcecode.swift; path = ShowTargetVC.swift; sourceTree = "<group>"; };
		88614C6521D6483500794276 /* Transaction.swift */ = {isa = PBXFileReference; lastKnownFileType = sourcecode.swift; path = Transaction.swift; sourceTree = "<group>"; };
		88653BE822C527EE003E3AEE /* notifications.swift */ = {isa = PBXFileReference; lastKnownFileType = sourcecode.swift; path = notifications.swift; sourceTree = "<group>"; };
		886D5BE921F07F630033CBAB /* Model.xcdatamodel */ = {isa = PBXFileReference; lastKnownFileType = wrapper.xcdatamodel; path = Model.xcdatamodel; sourceTree = "<group>"; };
		8882FD1F21CCF03A009B132E /* RegisterViewController.swift */ = {isa = PBXFileReference; lastKnownFileType = sourcecode.swift; path = RegisterViewController.swift; sourceTree = "<group>"; };
		8882FD2221CCF61B009B132E /* API.swift */ = {isa = PBXFileReference; lastKnownFileType = sourcecode.swift; path = API.swift; sourceTree = "<group>"; };
		8891819821EDDEC900594706 /* ShowCurrentWishlistVC.swift */ = {isa = PBXFileReference; lastKnownFileType = sourcecode.swift; path = ShowCurrentWishlistVC.swift; sourceTree = "<group>"; };
		8891819A21EDDEE900594706 /* ShowWhatWishVC.swift */ = {isa = PBXFileReference; lastKnownFileType = sourcecode.swift; path = ShowWhatWishVC.swift; sourceTree = "<group>"; };
		8891819C21EDDF0400594706 /* WhishListViC.swift */ = {isa = PBXFileReference; lastKnownFileType = sourcecode.swift; path = WhishListViC.swift; sourceTree = "<group>"; };
		88DB09AD21D400F7001471C2 /* User.swift */ = {isa = PBXFileReference; lastKnownFileType = sourcecode.swift; path = User.swift; sourceTree = "<group>"; };
		88E5E9A621EE32E500BD6A24 /* Controller.swift */ = {isa = PBXFileReference; lastKnownFileType = sourcecode.swift; path = Controller.swift; sourceTree = "<group>"; };
		88E5E9A821EE35D900BD6A24 /* TodayViewController.swift */ = {isa = PBXFileReference; lastKnownFileType = sourcecode.swift; path = TodayViewController.swift; sourceTree = "<group>"; };
		88E5E9AA21EE372E00BD6A24 /* WeekViewController.swift */ = {isa = PBXFileReference; lastKnownFileType = sourcecode.swift; path = WeekViewController.swift; sourceTree = "<group>"; };
		88E5E9AC21EE37CB00BD6A24 /* MonthViewController.swift */ = {isa = PBXFileReference; lastKnownFileType = sourcecode.swift; path = MonthViewController.swift; sourceTree = "<group>"; };
		88EAD8C621CF99760086FF19 /* LoginViewController.swift */ = {isa = PBXFileReference; lastKnownFileType = sourcecode.swift; path = LoginViewController.swift; sourceTree = "<group>"; };
		ECC60D74B19BADE852822470 /* Pods-MoneyPlan.release.xcconfig */ = {isa = PBXFileReference; includeInIndex = 1; lastKnownFileType = text.xcconfig; name = "Pods-MoneyPlan.release.xcconfig"; path = "Pods/Target Support Files/Pods-MoneyPlan/Pods-MoneyPlan.release.xcconfig"; sourceTree = "<group>"; };
/* End PBXFileReference section */

/* Begin PBXFrameworksBuildPhase section */
		8853917B21C3B1D70010BD24 /* Frameworks */ = {
			isa = PBXFrameworksBuildPhase;
			buildActionMask = 2147483647;
			files = (
				AB1C6B5AE6A337B4DF74318D /* Pods_MoneyPlan.framework in Frameworks */,
			);
			runOnlyForDeploymentPostprocessing = 0;
		};
/* End PBXFrameworksBuildPhase section */

/* Begin PBXGroup section */
		6E9238073856016FEDB927CC /* Frameworks */ = {
			isa = PBXGroup;
			children = (
				2F0495BE7A605F9002C525A7 /* Pods_MoneyPlan.framework */,
			);
			name = Frameworks;
			sourceTree = "<group>";
		};
		880B6D3321D23E5C00A649DE /* Target */ = {
			isa = PBXGroup;
			children = (
				88614C6121D5715F00794276 /* AddTargetVC.swift */,
				88614C6321D6483500794276 /* ShowTargetVC.swift */,
				885997AC21ED0016000B6A19 /* ShowCurrentTargetsVC.swift */,
				885997AE21ED02AE000B6A19 /* ShowCompletedTargetVC.swift */,
				885997B021ED0730000B6A19 /* TargetsViewController.swift */,
			);
			path = Target;
			sourceTree = "<group>";
		};
		8846A86A21F3499500BFA535 /* Validator */ = {
			isa = PBXGroup;
			children = (
				8846A86B21F34A3B00BFA535 /* rules.swift */,
				8846A86D21F34B0900BFA535 /* alert.swift */,
				88653BE822C527EE003E3AEE /* notifications.swift */,
			);
			path = Validator;
			sourceTree = "<group>";
		};
		8849FDDF21D3A33100008EF2 /* Model */ = {
			isa = PBXGroup;
			children = (
				88DB09AD21D400F7001471C2 /* User.swift */,
				88614C6521D6483500794276 /* Transaction.swift */,
			);
			path = Model;
			sourceTree = "<group>";
		};
		8853917521C3B1D70010BD24 = {
			isa = PBXGroup;
			children = (
				886D5BE821F07F630033CBAB /* MoneyPlan.xcdatamodeld */,
				8853918021C3B1D70010BD24 /* MoneyPlan */,
				8853917F21C3B1D70010BD24 /* Products */,
				969145B9D7E44D0FC11487AD /* Pods */,
				6E9238073856016FEDB927CC /* Frameworks */,
			);
			sourceTree = "<group>";
		};
		8853917F21C3B1D70010BD24 /* Products */ = {
			isa = PBXGroup;
			children = (
				8853917E21C3B1D70010BD24 /* MoneyPlan.app */,
			);
			name = Products;
			sourceTree = "<group>";
		};
		8853918021C3B1D70010BD24 /* MoneyPlan */ = {
			isa = PBXGroup;
			children = (
				8857642B21F5D445005F4C89 /* Main.storyboard */,
				8846A86A21F3499500BFA535 /* Validator */,
				88E5E9A521EE32B700BD6A24 /* AllTransactions */,
				885997A721EBA510000B6A19 /* WhishList */,
				8849FDDF21D3A33100008EF2 /* Model */,
				880B6D3321D23E5C00A649DE /* Target */,
				8857422521D10B320065792D /* MainPage */,
				88EAD8C521CF995A0086FF19 /* Login */,
				8882FD2121CCF5CB009B132E /* API */,
				8853919621C3C1B40010BD24 /* Register */,
				8853918121C3B1D80010BD24 /* AppDelegate.swift */,
				8853918B21C3B1EB0010BD24 /* Assets.xcassets */,
				8853918D21C3B1EB0010BD24 /* LaunchScreen.storyboard */,
				8853919021C3B1EB0010BD24 /* Info.plist */,
			);
			path = MoneyPlan;
			sourceTree = "<group>";
		};
		8853919621C3C1B40010BD24 /* Register */ = {
			isa = PBXGroup;
			children = (
				8882FD1F21CCF03A009B132E /* RegisterViewController.swift */,
			);
			path = Register;
			sourceTree = "<group>";
		};
		8857422521D10B320065792D /* MainPage */ = {
			isa = PBXGroup;
			children = (
				8857422621D10B530065792D /* MainPageViewController.swift */,
			);
			path = MainPage;
			sourceTree = "<group>";
		};
		885997A721EBA510000B6A19 /* WhishList */ = {
			isa = PBXGroup;
			children = (
				885997A821EBA9DB000B6A19 /* ShowWishVC.swift */,
				885997AA21EBB544000B6A19 /* AddWishVC.swift */,
				8891819821EDDEC900594706 /* ShowCurrentWishlistVC.swift */,
				8891819A21EDDEE900594706 /* ShowWhatWishVC.swift */,
				8891819C21EDDF0400594706 /* WhishListViC.swift */,
			);
			path = WhishList;
			sourceTree = "<group>";
		};
		8882FD2121CCF5CB009B132E /* API */ = {
			isa = PBXGroup;
			children = (
				8882FD2221CCF61B009B132E /* API.swift */,
			);
			path = API;
			sourceTree = "<group>";
		};
		88E5E9A521EE32B700BD6A24 /* AllTransactions */ = {
			isa = PBXGroup;
			children = (
				88E5E9A621EE32E500BD6A24 /* Controller.swift */,
				88E5E9A821EE35D900BD6A24 /* TodayViewController.swift */,
				88E5E9AA21EE372E00BD6A24 /* WeekViewController.swift */,
				88E5E9AC21EE37CB00BD6A24 /* MonthViewController.swift */,
			);
			path = AllTransactions;
			sourceTree = "<group>";
		};
		88EAD8C521CF995A0086FF19 /* Login */ = {
			isa = PBXGroup;
			children = (
				88EAD8C621CF99760086FF19 /* LoginViewController.swift */,
			);
			path = Login;
			sourceTree = "<group>";
		};
		969145B9D7E44D0FC11487AD /* Pods */ = {
			isa = PBXGroup;
			children = (
				68D904AF87982C273F3143C4 /* Pods-MoneyPlan.debug.xcconfig */,
				ECC60D74B19BADE852822470 /* Pods-MoneyPlan.release.xcconfig */,
			);
			name = Pods;
			sourceTree = "<group>";
		};
/* End PBXGroup section */

/* Begin PBXNativeTarget section */
		8853917D21C3B1D70010BD24 /* MoneyPlan */ = {
			isa = PBXNativeTarget;
			buildConfigurationList = 8853919321C3B1EB0010BD24 /* Build configuration list for PBXNativeTarget "MoneyPlan" */;
			buildPhases = (
				E03C8A5AD2A345AB1501AD4C /* [CP] Check Pods Manifest.lock */,
				8853917A21C3B1D70010BD24 /* Sources */,
				8853917B21C3B1D70010BD24 /* Frameworks */,
				8853917C21C3B1D70010BD24 /* Resources */,
				946499F378A8211AE99CFC1F /* [CP] Embed Pods Frameworks */,
			);
			buildRules = (
			);
			dependencies = (
			);
			name = MoneyPlan;
			productName = MoneyPlan;
			productReference = 8853917E21C3B1D70010BD24 /* MoneyPlan.app */;
			productType = "com.apple.product-type.application";
		};
/* End PBXNativeTarget section */

/* Begin PBXProject section */
		8853917621C3B1D70010BD24 /* Project object */ = {
			isa = PBXProject;
			attributes = {
				LastSwiftUpdateCheck = 1000;
				LastUpgradeCheck = 1000;
				ORGANIZATIONNAME = "Louay Baccary";
				TargetAttributes = {
					8853917D21C3B1D70010BD24 = {
						CreatedOnToolsVersion = 10.0;
					};
				};
			};
			buildConfigurationList = 8853917921C3B1D70010BD24 /* Build configuration list for PBXProject "MoneyPlan" */;
			compatibilityVersion = "Xcode 9.3";
			developmentRegion = en;
			hasScannedForEncodings = 0;
			knownRegions = (
				en,
				Base,
			);
			mainGroup = 8853917521C3B1D70010BD24;
			productRefGroup = 8853917F21C3B1D70010BD24 /* Products */;
			projectDirPath = "";
			projectRoot = "";
			targets = (
				8853917D21C3B1D70010BD24 /* MoneyPlan */,
			);
		};
/* End PBXProject section */

/* Begin PBXResourcesBuildPhase section */
		8853917C21C3B1D70010BD24 /* Resources */ = {
			isa = PBXResourcesBuildPhase;
			buildActionMask = 2147483647;
			files = (
				8857642D21F5D446005F4C89 /* Main.storyboard in Resources */,
				8853918F21C3B1EB0010BD24 /* LaunchScreen.storyboard in Resources */,
				8853918C21C3B1EB0010BD24 /* Assets.xcassets in Resources */,
			);
			runOnlyForDeploymentPostprocessing = 0;
		};
/* End PBXResourcesBuildPhase section */

/* Begin PBXShellScriptBuildPhase section */
		946499F378A8211AE99CFC1F /* [CP] Embed Pods Frameworks */ = {
			isa = PBXShellScriptBuildPhase;
			buildActionMask = 2147483647;
			files = (
			);
			inputFileListPaths = (
			);
			inputPaths = (
				"${PODS_ROOT}/Target Support Files/Pods-MoneyPlan/Pods-MoneyPlan-frameworks.sh",
				"${BUILT_PRODUCTS_DIR}/Alamofire/Alamofire.framework",
				"${BUILT_PRODUCTS_DIR}/SCLAlertView/SCLAlertView.framework",
				"${BUILT_PRODUCTS_DIR}/SwiftyJSON/SwiftyJSON.framework",
				"${BUILT_PRODUCTS_DIR}/Validator/Validator.framework",
			);
			name = "[CP] Embed Pods Frameworks";
			outputFileListPaths = (
			);
			outputPaths = (
				"${TARGET_BUILD_DIR}/${FRAMEWORKS_FOLDER_PATH}/Alamofire.framework",
				"${TARGET_BUILD_DIR}/${FRAMEWORKS_FOLDER_PATH}/SCLAlertView.framework",
				"${TARGET_BUILD_DIR}/${FRAMEWORKS_FOLDER_PATH}/SwiftyJSON.framework",
				"${TARGET_BUILD_DIR}/${FRAMEWORKS_FOLDER_PATH}/Validator.framework",
			);
			runOnlyForDeploymentPostprocessing = 0;
			shellPath = /bin/sh;
			shellScript = "\"${PODS_ROOT}/Target Support Files/Pods-MoneyPlan/Pods-MoneyPlan-frameworks.sh\"\n";
			showEnvVarsInLog = 0;
		};
		E03C8A5AD2A345AB1501AD4C /* [CP] Check Pods Manifest.lock */ = {
			isa = PBXShellScriptBuildPhase;
			buildActionMask = 2147483647;
			files = (
			);
			inputFileListPaths = (
			);
			inputPaths = (
				"${PODS_PODFILE_DIR_PATH}/Podfile.lock",
				"${PODS_ROOT}/Manifest.lock",
			);
			name = "[CP] Check Pods Manifest.lock";
			outputFileListPaths = (
			);
			outputPaths = (
				"$(DERIVED_FILE_DIR)/Pods-MoneyPlan-checkManifestLockResult.txt",
			);
			runOnlyForDeploymentPostprocessing = 0;
			shellPath = /bin/sh;
			shellScript = "diff \"${PODS_PODFILE_DIR_PATH}/Podfile.lock\" \"${PODS_ROOT}/Manifest.lock\" > /dev/null\nif [ $? != 0 ] ; then\n    # print error to STDERR\n    echo \"error: The sandbox is not in sync with the Podfile.lock. Run 'pod install' or update your CocoaPods installation.\" >&2\n    exit 1\nfi\n# This output is used by Xcode 'outputs' to avoid re-running this script phase.\necho \"SUCCESS\" > \"${SCRIPT_OUTPUT_FILE_0}\"\n";
			showEnvVarsInLog = 0;
		};
/* End PBXShellScriptBuildPhase section */

/* Begin PBXSourcesBuildPhase section */
		8853917A21C3B1D70010BD24 /* Sources */ = {
			isa = PBXSourcesBuildPhase;
			buildActionMask = 2147483647;
			files = (
				8891819921EDDEC900594706 /* ShowCurrentWishlistVC.swift in Sources */,
				8891819B21EDDEE900594706 /* ShowWhatWishVC.swift in Sources */,
				8891819D21EDDF0400594706 /* WhishListViC.swift in Sources */,
				8857422721D10B530065792D /* MainPageViewController.swift in Sources */,
				88EAD8C721CF99760086FF19 /* LoginViewController.swift in Sources */,
				88614C6621D6483500794276 /* Transaction.swift in Sources */,
				8846A86E21F34B0900BFA535 /* alert.swift in Sources */,
				88E5E9A721EE32E500BD6A24 /* Controller.swift in Sources */,
				88E5E9AB21EE372E00BD6A24 /* WeekViewController.swift in Sources */,
				88653BE922C527EE003E3AEE /* notifications.swift in Sources */,
				885997AF21ED02AE000B6A19 /* ShowCompletedTargetVC.swift in Sources */,
				8882FD2021CCF03A009B132E /* RegisterViewController.swift in Sources */,
				886D5BEA21F07F630033CBAB /* MoneyPlan.xcdatamodeld in Sources */,
				88E5E9A921EE35D900BD6A24 /* TodayViewController.swift in Sources */,
				8853918221C3B1D80010BD24 /* AppDelegate.swift in Sources */,
				8846A86C21F34A3B00BFA535 /* rules.swift in Sources */,
				885997AB21EBB544000B6A19 /* AddWishVC.swift in Sources */,
				8882FD2321CCF61B009B132E /* API.swift in Sources */,
				88614C6221D5715F00794276 /* AddTargetVC.swift in Sources */,
				88E5E9AD21EE37CB00BD6A24 /* MonthViewController.swift in Sources */,
				885997B121ED0730000B6A19 /* TargetsViewController.swift in Sources */,
				88DB09AE21D400F7001471C2 /* User.swift in Sources */,
				885997A921EBA9DB000B6A19 /* ShowWishVC.swift in Sources */,
				88614C6421D6483500794276 /* ShowTargetVC.swift in Sources */,
				885997AD21ED0016000B6A19 /* ShowCurrentTargetsVC.swift in Sources */,
			);
			runOnlyForDeploymentPostprocessing = 0;
		};
/* End PBXSourcesBuildPhase section */

/* Begin PBXVariantGroup section */
		8853918D21C3B1EB0010BD24 /* LaunchScreen.storyboard */ = {
			isa = PBXVariantGroup;
			children = (
				8853918E21C3B1EB0010BD24 /* Base */,
			);
			name = LaunchScreen.storyboard;
			sourceTree = "<group>";
		};
		8857642B21F5D445005F4C89 /* Main.storyboard */ = {
			isa = PBXVariantGroup;
			children = (
				8857642C21F5D445005F4C89 /* Base */,
			);
			name = Main.storyboard;
			sourceTree = "<group>";
		};
/* End PBXVariantGroup section */

/* Begin XCBuildConfiguration section */
		8853919121C3B1EB0010BD24 /* Debug */ = {
			isa = XCBuildConfiguration;
			buildSettings = {
				ALWAYS_SEARCH_USER_PATHS = NO;
				CLANG_ANALYZER_NONNULL = YES;
				CLANG_ANALYZER_NUMBER_OBJECT_CONVERSION = YES_AGGRESSIVE;
				CLANG_CXX_LANGUAGE_STANDARD = "gnu++14";
				CLANG_CXX_LIBRARY = "libc++";
				CLANG_ENABLE_MODULES = YES;
				CLANG_ENABLE_OBJC_ARC = YES;
				CLANG_ENABLE_OBJC_WEAK = YES;
				CLANG_WARN_BLOCK_CAPTURE_AUTORELEASING = YES;
				CLANG_WARN_BOOL_CONVERSION = YES;
				CLANG_WARN_COMMA = YES;
				CLANG_WARN_CONSTANT_CONVERSION = YES;
				CLANG_WARN_DEPRECATED_OBJC_IMPLEMENTATIONS = YES;
				CLANG_WARN_DIRECT_OBJC_ISA_USAGE = YES_ERROR;
				CLANG_WARN_DOCUMENTATION_COMMENTS = YES;
				CLANG_WARN_EMPTY_BODY = YES;
				CLANG_WARN_ENUM_CONVERSION = YES;
				CLANG_WARN_INFINITE_RECURSION = YES;
				CLANG_WARN_INT_CONVERSION = YES;
				CLANG_WARN_NON_LITERAL_NULL_CONVERSION = YES;
				CLANG_WARN_OBJC_IMPLICIT_RETAIN_SELF = YES;
				CLANG_WARN_OBJC_LITERAL_CONVERSION = YES;
				CLANG_WARN_OBJC_ROOT_CLASS = YES_ERROR;
				CLANG_WARN_RANGE_LOOP_ANALYSIS = YES;
				CLANG_WARN_STRICT_PROTOTYPES = YES;
				CLANG_WARN_SUSPICIOUS_MOVE = YES;
				CLANG_WARN_UNGUARDED_AVAILABILITY = YES_AGGRESSIVE;
				CLANG_WARN_UNREACHABLE_CODE = YES;
				CLANG_WARN__DUPLICATE_METHOD_MATCH = YES;
				CODE_SIGN_IDENTITY = "iPhone Developer";
				COPY_PHASE_STRIP = NO;
				DEBUG_INFORMATION_FORMAT = dwarf;
				ENABLE_STRICT_OBJC_MSGSEND = YES;
				ENABLE_TESTABILITY = YES;
				GCC_C_LANGUAGE_STANDARD = gnu11;
				GCC_DYNAMIC_NO_PIC = NO;
				GCC_NO_COMMON_BLOCKS = YES;
				GCC_OPTIMIZATION_LEVEL = 0;
				GCC_PREPROCESSOR_DEFINITIONS = (
					"DEBUG=1",
					"$(inherited)",
				);
				GCC_WARN_64_TO_32_BIT_CONVERSION = YES;
				GCC_WARN_ABOUT_RETURN_TYPE = YES_ERROR;
				GCC_WARN_UNDECLARED_SELECTOR = YES;
				GCC_WARN_UNINITIALIZED_AUTOS = YES_AGGRESSIVE;
				GCC_WARN_UNUSED_FUNCTION = YES;
				GCC_WARN_UNUSED_VARIABLE = YES;
				IPHONEOS_DEPLOYMENT_TARGET = 12.0;
				MTL_ENABLE_DEBUG_INFO = INCLUDE_SOURCE;
				MTL_FAST_MATH = YES;
				ONLY_ACTIVE_ARCH = YES;
				SDKROOT = iphoneos;
				SWIFT_ACTIVE_COMPILATION_CONDITIONS = DEBUG;
				SWIFT_OPTIMIZATION_LEVEL = "-Onone";
			};
			name = Debug;
		};
		8853919221C3B1EB0010BD24 /* Release */ = {
			isa = XCBuildConfiguration;
			buildSettings = {
				ALWAYS_SEARCH_USER_PATHS = NO;
				CLANG_ANALYZER_NONNULL = YES;
				CLANG_ANALYZER_NUMBER_OBJECT_CONVERSION = YES_AGGRESSIVE;
				CLANG_CXX_LANGUAGE_STANDARD = "gnu++14";
				CLANG_CXX_LIBRARY = "libc++";
				CLANG_ENABLE_MODULES = YES;
				CLANG_ENABLE_OBJC_ARC = YES;
				CLANG_ENABLE_OBJC_WEAK = YES;
				CLANG_WARN_BLOCK_CAPTURE_AUTORELEASING = YES;
				CLANG_WARN_BOOL_CONVERSION = YES;
				CLANG_WARN_COMMA = YES;
				CLANG_WARN_CONSTANT_CONVERSION = YES;
				CLANG_WARN_DEPRECATED_OBJC_IMPLEMENTATIONS = YES;
				CLANG_WARN_DIRECT_OBJC_ISA_USAGE = YES_ERROR;
				CLANG_WARN_DOCUMENTATION_COMMENTS = YES;
				CLANG_WARN_EMPTY_BODY = YES;
				CLANG_WARN_ENUM_CONVERSION = YES;
				CLANG_WARN_INFINITE_RECURSION = YES;
				CLANG_WARN_INT_CONVERSION = YES;
				CLANG_WARN_NON_LITERAL_NULL_CONVERSION = YES;
				CLANG_WARN_OBJC_IMPLICIT_RETAIN_SELF = YES;
				CLANG_WARN_OBJC_LITERAL_CONVERSION = YES;
				CLANG_WARN_OBJC_ROOT_CLASS = YES_ERROR;
				CLANG_WARN_RANGE_LOOP_ANALYSIS = YES;
				CLANG_WARN_STRICT_PROTOTYPES = YES;
				CLANG_WARN_SUSPICIOUS_MOVE = YES;
				CLANG_WARN_UNGUARDED_AVAILABILITY = YES_AGGRESSIVE;
				CLANG_WARN_UNREACHABLE_CODE = YES;
				CLANG_WARN__DUPLICATE_METHOD_MATCH = YES;
				CODE_SIGN_IDENTITY = "iPhone Developer";
				COPY_PHASE_STRIP = NO;
				DEBUG_INFORMATION_FORMAT = "dwarf-with-dsym";
				ENABLE_NS_ASSERTIONS = NO;
				ENABLE_STRICT_OBJC_MSGSEND = YES;
				GCC_C_LANGUAGE_STANDARD = gnu11;
				GCC_NO_COMMON_BLOCKS = YES;
				GCC_WARN_64_TO_32_BIT_CONVERSION = YES;
				GCC_WARN_ABOUT_RETURN_TYPE = YES_ERROR;
				GCC_WARN_UNDECLARED_SELECTOR = YES;
				GCC_WARN_UNINITIALIZED_AUTOS = YES_AGGRESSIVE;
				GCC_WARN_UNUSED_FUNCTION = YES;
				GCC_WARN_UNUSED_VARIABLE = YES;
				IPHONEOS_DEPLOYMENT_TARGET = 12.0;
				MTL_ENABLE_DEBUG_INFO = NO;
				MTL_FAST_MATH = YES;
				SDKROOT = iphoneos;
				SWIFT_COMPILATION_MODE = wholemodule;
				SWIFT_OPTIMIZATION_LEVEL = "-O";
				VALIDATE_PRODUCT = YES;
			};
			name = Release;
		};
		8853919421C3B1EB0010BD24 /* Debug */ = {
			isa = XCBuildConfiguration;
			baseConfigurationReference = 68D904AF87982C273F3143C4 /* Pods-MoneyPlan.debug.xcconfig */;
			buildSettings = {
				ASSETCATALOG_COMPILER_APPICON_NAME = AppIcon;
				CODE_SIGN_STYLE = Automatic;
				INFOPLIST_FILE = MoneyPlan/Info.plist;
				LD_RUNPATH_SEARCH_PATHS = (
					"$(inherited)",
					"@executable_path/Frameworks",
				);
				PRODUCT_BUNDLE_IDENTIFIER = esprit.MoneyPlan;
				PRODUCT_NAME = "$(TARGET_NAME)";
				SWIFT_VERSION = 4.2;
				TARGETED_DEVICE_FAMILY = "1,2";
			};
			name = Debug;
		};
		8853919521C3B1EB0010BD24 /* Release */ = {
			isa = XCBuildConfiguration;
			baseConfigurationReference = ECC60D74B19BADE852822470 /* Pods-MoneyPlan.release.xcconfig */;
			buildSettings = {
				ASSETCATALOG_COMPILER_APPICON_NAME = AppIcon;
				CODE_SIGN_STYLE = Automatic;
				INFOPLIST_FILE = MoneyPlan/Info.plist;
				LD_RUNPATH_SEARCH_PATHS = (
					"$(inherited)",
					"@executable_path/Frameworks",
				);
				PRODUCT_BUNDLE_IDENTIFIER = esprit.MoneyPlan;
				PRODUCT_NAME = "$(TARGET_NAME)";
				SWIFT_VERSION = 4.2;
				TARGETED_DEVICE_FAMILY = "1,2";
			};
			name = Release;
		};
/* End XCBuildConfiguration section */

/* Begin XCConfigurationList section */
		8853917921C3B1D70010BD24 /* Build configuration list for PBXProject "MoneyPlan" */ = {
			isa = XCConfigurationList;
			buildConfigurations = (
				8853919121C3B1EB0010BD24 /* Debug */,
				8853919221C3B1EB0010BD24 /* Release */,
			);
			defaultConfigurationIsVisible = 0;
			defaultConfigurationName = Release;
		};
		8853919321C3B1EB0010BD24 /* Build configuration list for PBXNativeTarget "MoneyPlan" */ = {
			isa = XCConfigurationList;
			buildConfigurations = (
				8853919421C3B1EB0010BD24 /* Debug */,
				8853919521C3B1EB0010BD24 /* Release */,
			);
			defaultConfigurationIsVisible = 0;
			defaultConfigurationName = Release;
		};
/* End XCConfigurationList section */

/* Begin XCVersionGroup section */
		886D5BE821F07F630033CBAB /* MoneyPlan.xcdatamodeld */ = {
			isa = XCVersionGroup;
			children = (
				886D5BE921F07F630033CBAB /* Model.xcdatamodel */,
			);
			currentVersion = 886D5BE921F07F630033CBAB /* Model.xcdatamodel */;
			path = MoneyPlan.xcdatamodeld;
			sourceTree = "<group>";
			versionGroupType = wrapper.xcdatamodel;
		};
/* End XCVersionGroup section */
	};
	rootObject = 8853917621C3B1D70010BD24 /* Project object */;
}
